// !$*UTF8*$!
{
	archiveVersion = 1;
	classes = {
	};
	objectVersion = 50;
	objects = {

/* Begin PBXBuildFile section */
		520F92F820B6F907007E6B55 /* TrashUtilities.swift in Sources */ = {isa = PBXBuildFile; fileRef = 520F92F720B6F907007E6B55 /* TrashUtilities.swift */; };
		523BEF8020B3330C0001EF4E /* ProcessFiles.swift in Sources */ = {isa = PBXBuildFile; fileRef = 523BEF7F20B3330C0001EF4E /* ProcessFiles.swift */; };
		523BEF8220B3338F0001EF4E /* Trash.swift in Sources */ = {isa = PBXBuildFile; fileRef = 523BEF8120B3338F0001EF4E /* Trash.swift */; };
		5284B52320B2DE810024E186 /* main.swift in Sources */ = {isa = PBXBuildFile; fileRef = 5284B52220B2DE810024E186 /* main.swift */; };
		5284B53220B307340024E186 /* ProcessOptions.swift in Sources */ = {isa = PBXBuildFile; fileRef = 5284B53120B307340024E186 /* ProcessOptions.swift */; };
		5284B53420B3108C0024E186 /* Utils.swift in Sources */ = {isa = PBXBuildFile; fileRef = 5284B53320B3108C0024E186 /* Utils.swift */; };
		52CC9E3D20B52151009FD25E /* FileManager+.swift in Sources */ = {isa = PBXBuildFile; fileRef = 52CC9E3C20B52151009FD25E /* FileManager+.swift */; };
/* End PBXBuildFile section */

/* Begin PBXCopyFilesBuildPhase section */
		5284B51D20B2DE800024E186 /* CopyFiles */ = {
			isa = PBXCopyFilesBuildPhase;
			buildActionMask = 2147483647;
			dstPath = /usr/share/man/man1/;
			dstSubfolderSpec = 0;
			files = (
			);
			runOnlyForDeploymentPostprocessing = 1;
		};
/* End PBXCopyFilesBuildPhase section */

/* Begin PBXFileReference section */
		520F92F720B6F907007E6B55 /* TrashUtilities.swift */ = {isa = PBXFileReference; lastKnownFileType = sourcecode.swift; path = TrashUtilities.swift; sourceTree = "<group>"; };
		523BEF7F20B3330C0001EF4E /* ProcessFiles.swift */ = {isa = PBXFileReference; lastKnownFileType = sourcecode.swift; path = ProcessFiles.swift; sourceTree = "<group>"; };
		523BEF8120B3338F0001EF4E /* Trash.swift */ = {isa = PBXFileReference; lastKnownFileType = sourcecode.swift; path = Trash.swift; sourceTree = "<group>"; };
		5284B51F20B2DE810024E186 /* trashbin */ = {isa = PBXFileReference; explicitFileType = "compiled.mach-o.executable"; includeInIndex = 0; path = trashbin; sourceTree = BUILT_PRODUCTS_DIR; };
		5284B52220B2DE810024E186 /* main.swift */ = {isa = PBXFileReference; lastKnownFileType = sourcecode.swift; path = main.swift; sourceTree = "<group>"; };
		5284B53120B307340024E186 /* ProcessOptions.swift */ = {isa = PBXFileReference; lastKnownFileType = sourcecode.swift; path = ProcessOptions.swift; sourceTree = "<group>"; };
		5284B53320B3108C0024E186 /* Utils.swift */ = {isa = PBXFileReference; lastKnownFileType = sourcecode.swift; path = Utils.swift; sourceTree = "<group>"; };
		52CC9E3C20B52151009FD25E /* FileManager+.swift */ = {isa = PBXFileReference; lastKnownFileType = sourcecode.swift; path = "FileManager+.swift"; sourceTree = "<group>"; };
/* End PBXFileReference section */

/* Begin PBXFrameworksBuildPhase section */
		5284B51C20B2DE800024E186 /* Frameworks */ = {
			isa = PBXFrameworksBuildPhase;
			buildActionMask = 2147483647;
			files = (
			);
			runOnlyForDeploymentPostprocessing = 0;
		};
/* End PBXFrameworksBuildPhase section */

/* Begin PBXGroup section */
		5284B51620B2DE800024E186 = {
			isa = PBXGroup;
			children = (
				5284B52120B2DE810024E186 /* trashbin */,
				5284B52020B2DE810024E186 /* Products */,
			);
			sourceTree = "<group>";
		};
		5284B52020B2DE810024E186 /* Products */ = {
			isa = PBXGroup;
			children = (
				5284B51F20B2DE810024E186 /* trashbin */,
			);
			name = Products;
			sourceTree = "<group>";
		};
		5284B52120B2DE810024E186 /* trashbin */ = {
			isa = PBXGroup;
			children = (
				5284B52220B2DE810024E186 /* main.swift */,
				5284B53120B307340024E186 /* ProcessOptions.swift */,
				523BEF7F20B3330C0001EF4E /* ProcessFiles.swift */,
				523BEF8120B3338F0001EF4E /* Trash.swift */,
				520F92F720B6F907007E6B55 /* TrashUtilities.swift */,
				5284B53320B3108C0024E186 /* Utils.swift */,
				52CC9E3C20B52151009FD25E /* FileManager+.swift */,
			);
			path = trashbin;
			sourceTree = "<group>";
		};
/* End PBXGroup section */

/* Begin PBXNativeTarget section */
		5284B51E20B2DE800024E186 /* trashbin */ = {
			isa = PBXNativeTarget;
			buildConfigurationList = 5284B52620B2DE810024E186 /* Build configuration list for PBXNativeTarget "trashbin" */;
			buildPhases = (
				5284B51B20B2DE800024E186 /* Sources */,
				5284B51C20B2DE800024E186 /* Frameworks */,
				5284B51D20B2DE800024E186 /* CopyFiles */,
			);
			buildRules = (
			);
			dependencies = (
			);
			name = trashbin;
			productName = trashbin;
			productReference = 5284B51F20B2DE810024E186 /* trashbin */;
			productType = "com.apple.product-type.tool";
		};
/* End PBXNativeTarget section */

/* Begin PBXProject section */
		5284B51720B2DE800024E186 /* Project object */ = {
			isa = PBXProject;
			attributes = {
				LastSwiftUpdateCheck = 0930;
				LastUpgradeCheck = 0930;
				ORGANIZATIONNAME = "Rui Nelson Carneiro";
				TargetAttributes = {
					5284B51E20B2DE800024E186 = {
						CreatedOnToolsVersion = 9.3.1;
					};
				};
			};
			buildConfigurationList = 5284B51A20B2DE800024E186 /* Build configuration list for PBXProject "trashbin" */;
			compatibilityVersion = "Xcode 9.3";
			developmentRegion = en;
			hasScannedForEncodings = 0;
			knownRegions = (
				en,
			);
			mainGroup = 5284B51620B2DE800024E186;
			productRefGroup = 5284B52020B2DE810024E186 /* Products */;
			projectDirPath = "";
			projectRoot = "";
			targets = (
				5284B51E20B2DE800024E186 /* trashbin */,
			);
		};
/* End PBXProject section */

/* Begin PBXSourcesBuildPhase section */
		5284B51B20B2DE800024E186 /* Sources */ = {
			isa = PBXSourcesBuildPhase;
			buildActionMask = 2147483647;
			files = (
				523BEF8220B3338F0001EF4E /* Trash.swift in Sources */,
				523BEF8020B3330C0001EF4E /* ProcessFiles.swift in Sources */,
				520F92F820B6F907007E6B55 /* TrashUtilities.swift in Sources */,
				5284B53220B307340024E186 /* ProcessOptions.swift in Sources */,
				52CC9E3D20B52151009FD25E /* FileManager+.swift in Sources */,
				5284B52320B2DE810024E186 /* main.swift in Sources */,
				5284B53420B3108C0024E186 /* Utils.swift in Sources */,
			);
			runOnlyForDeploymentPostprocessing = 0;
		};
/* End PBXSourcesBuildPhase section */

/* Begin XCBuildConfiguration section */
		5284B52420B2DE810024E186 /* Debug */ = {
			isa = XCBuildConfiguration;
			buildSettings = {
				ALWAYS_SEARCH_USER_PATHS = NO;
				CLANG_ANALYZER_NONNULL = YES;
				CLANG_ANALYZER_NUMBER_OBJECT_CONVERSION = YES_AGGRESSIVE;
				CLANG_CXX_LANGUAGE_STANDARD = "gnu++14";
				CLANG_CXX_LIBRARY = "libc++";
				CLANG_ENABLE_MODULES = YES;
				CLANG_ENABLE_OBJC_ARC = YES;
				CLANG_ENABLE_OBJC_WEAK = YES;
				CLANG_WARN_BLOCK_CAPTURE_AUTORELEASING = YES;
				CLANG_WARN_BOOL_CONVERSION = YES;
				CLANG_WARN_COMMA = YES;
				CLANG_WARN_CONSTANT_CONVERSION = YES;
				CLANG_WARN_DEPRECATED_OBJC_IMPLEMENTATIONS = YES;
				CLANG_WARN_DIRECT_OBJC_ISA_USAGE = YES_ERROR;
				CLANG_WARN_DOCUMENTATION_COMMENTS = YES;
				CLANG_WARN_EMPTY_BODY = YES;
				CLANG_WARN_ENUM_CONVERSION = YES;
				CLANG_WARN_INFINITE_RECURSION = YES;
				CLANG_WARN_INT_CONVERSION = YES;
				CLANG_WARN_NON_LITERAL_NULL_CONVERSION = YES;
				CLANG_WARN_OBJC_IMPLICIT_RETAIN_SELF = YES;
				CLANG_WARN_OBJC_LITERAL_CONVERSION = YES;
				CLANG_WARN_OBJC_ROOT_CLASS = YES_ERROR;
				CLANG_WARN_RANGE_LOOP_ANALYSIS = YES;
				CLANG_WARN_STRICT_PROTOTYPES = YES;
				CLANG_WARN_SUSPICIOUS_MOVE = YES;
				CLANG_WARN_UNGUARDED_AVAILABILITY = YES_AGGRESSIVE;
				CLANG_WARN_UNREACHABLE_CODE = YES;
				CLANG_WARN__DUPLICATE_METHOD_MATCH = YES;
				CODE_SIGN_IDENTITY = "Mac Developer";
				COPY_PHASE_STRIP = NO;
				DEBUG_INFORMATION_FORMAT = dwarf;
				ENABLE_STRICT_OBJC_MSGSEND = YES;
				ENABLE_TESTABILITY = YES;
				GCC_C_LANGUAGE_STANDARD = gnu11;
				GCC_DYNAMIC_NO_PIC = NO;
				GCC_NO_COMMON_BLOCKS = YES;
				GCC_OPTIMIZATION_LEVEL = 0;
				GCC_PREPROCESSOR_DEFINITIONS = (
					"DEBUG=1",
					"$(inherited)",
				);
				GCC_WARN_64_TO_32_BIT_CONVERSION = YES;
				GCC_WARN_ABOUT_RETURN_TYPE = YES_ERROR;
				GCC_WARN_UNDECLARED_SELECTOR = YES;
				GCC_WARN_UNINITIALIZED_AUTOS = YES_AGGRESSIVE;
				GCC_WARN_UNUSED_FUNCTION = YES;
				GCC_WARN_UNUSED_VARIABLE = YES;
				MACOSX_DEPLOYMENT_TARGET = 10.13;
				MTL_ENABLE_DEBUG_INFO = YES;
				ONLY_ACTIVE_ARCH = YES;
				SDKROOT = macosx;
				SWIFT_ACTIVE_COMPILATION_CONDITIONS = DEBUG;
				SWIFT_OPTIMIZATION_LEVEL = "-Onone";
			};
			name = Debug;
		};
		5284B52520B2DE810024E186 /* Release */ = {
			isa = XCBuildConfiguration;
			buildSettings = {
				ALWAYS_SEARCH_USER_PATHS = NO;
				CLANG_ANALYZER_NONNULL = YES;
				CLANG_ANALYZER_NUMBER_OBJECT_CONVERSION = YES_AGGRESSIVE;
				CLANG_CXX_LANGUAGE_STANDARD = "gnu++14";
				CLANG_CXX_LIBRARY = "libc++";
				CLANG_ENABLE_MODULES = YES;
				CLANG_ENABLE_OBJC_ARC = YES;
				CLANG_ENABLE_OBJC_WEAK = YES;
				CLANG_WARN_BLOCK_CAPTURE_AUTORELEASING = YES;
				CLANG_WARN_BOOL_CONVERSION = YES;
				CLANG_WARN_COMMA = YES;
				CLANG_WARN_CONSTANT_CONVERSION = YES;
				CLANG_WARN_DEPRECATED_OBJC_IMPLEMENTATIONS = YES;
				CLANG_WARN_DIRECT_OBJC_ISA_USAGE = YES_ERROR;
				CLANG_WARN_DOCUMENTATION_COMMENTS = YES;
				CLANG_WARN_EMPTY_BODY = YES;
				CLANG_WARN_ENUM_CONVERSION = YES;
				CLANG_WARN_INFINITE_RECURSION = YES;
				CLANG_WARN_INT_CONVERSION = YES;
				CLANG_WARN_NON_LITERAL_NULL_CONVERSION = YES;
				CLANG_WARN_OBJC_IMPLICIT_RETAIN_SELF = YES;
				CLANG_WARN_OBJC_LITERAL_CONVERSION = YES;
				CLANG_WARN_OBJC_ROOT_CLASS = YES_ERROR;
				CLANG_WARN_RANGE_LOOP_ANALYSIS = YES;
				CLANG_WARN_STRICT_PROTOTYPES = YES;
				CLANG_WARN_SUSPICIOUS_MOVE = YES;
				CLANG_WARN_UNGUARDED_AVAILABILITY = YES_AGGRESSIVE;
				CLANG_WARN_UNREACHABLE_CODE = YES;
				CLANG_WARN__DUPLICATE_METHOD_MATCH = YES;
				CODE_SIGN_IDENTITY = "Mac Developer";
				COPY_PHASE_STRIP = NO;
				DEBUG_INFORMATION_FORMAT = "dwarf-with-dsym";
				ENABLE_NS_ASSERTIONS = NO;
				ENABLE_STRICT_OBJC_MSGSEND = YES;
				GCC_C_LANGUAGE_STANDARD = gnu11;
				GCC_NO_COMMON_BLOCKS = YES;
				GCC_WARN_64_TO_32_BIT_CONVERSION = YES;
				GCC_WARN_ABOUT_RETURN_TYPE = YES_ERROR;
				GCC_WARN_UNDECLARED_SELECTOR = YES;
				GCC_WARN_UNINITIALIZED_AUTOS = YES_AGGRESSIVE;
				GCC_WARN_UNUSED_FUNCTION = YES;
				GCC_WARN_UNUSED_VARIABLE = YES;
				MACOSX_DEPLOYMENT_TARGET = 10.13;
				MTL_ENABLE_DEBUG_INFO = NO;
				SDKROOT = macosx;
				SWIFT_COMPILATION_MODE = wholemodule;
				SWIFT_OPTIMIZATION_LEVEL = "-O";
			};
			name = Release;
		};
		5284B52720B2DE810024E186 /* Debug */ = {
			isa = XCBuildConfiguration;
			buildSettings = {
				CODE_SIGN_STYLE = Automatic;
				DEVELOPMENT_TEAM = 98DYJ8BJ46;
				MACOSX_DEPLOYMENT_TARGET = 10.11;
				PRODUCT_NAME = "$(TARGET_NAME)";
				SWIFT_VERSION = 4.0;
			};
			name = Debug;
		};
		5284B52820B2DE810024E186 /* Release */ = {
			isa = XCBuildConfiguration;
			buildSettings = {
				CODE_SIGN_STYLE = Automatic;
				DEVELOPMENT_TEAM = 98DYJ8BJ46;
				MACOSX_DEPLOYMENT_TARGET = 10.11;
				PRODUCT_NAME = "$(TARGET_NAME)";
				SWIFT_VERSION = 4.0;
			};
			name = Release;
		};
/* End XCBuildConfiguration section */

/* Begin XCConfigurationList section */
		5284B51A20B2DE800024E186 /* Build configuration list for PBXProject "trashbin" */ = {
			isa = XCConfigurationList;
			buildConfigurations = (
				5284B52420B2DE810024E186 /* Debug */,
				5284B52520B2DE810024E186 /* Release */,
			);
			defaultConfigurationIsVisible = 0;
			defaultConfigurationName = Release;
		};
		5284B52620B2DE810024E186 /* Build configuration list for PBXNativeTarget "trashbin" */ = {
			isa = XCConfigurationList;
			buildConfigurations = (
				5284B52720B2DE810024E186 /* Debug */,
				5284B52820B2DE810024E186 /* Release */,
			);
			defaultConfigurationIsVisible = 0;
			defaultConfigurationName = Release;
		};
/* End XCConfigurationList section */
	};
	rootObject = 5284B51720B2DE800024E186 /* Project object */;
}
